// !$*UTF8*$!
{
	archiveVersion = 1;
	classes = {
	};
	objectVersion = 50;
	objects = {

/* Begin PBXBuildFile section */
		C90221B7221C10E7007C7D64 /* LoginViewController.swift in Sources */ = {isa = PBXBuildFile; fileRef = C90221B6221C10E7007C7D64 /* LoginViewController.swift */; };
		C90221BA221C1199007C7D64 /* StudentLocation.swift in Sources */ = {isa = PBXBuildFile; fileRef = C90221B9221C1199007C7D64 /* StudentLocation.swift */; };
		C90221BC221C1398007C7D64 /* LocationsData.swift in Sources */ = {isa = PBXBuildFile; fileRef = C90221BB221C1398007C7D64 /* LocationsData.swift */; };
		C90221BE221C13CC007C7D64 /* UserInfo.swift in Sources */ = {isa = PBXBuildFile; fileRef = C90221BD221C13CC007C7D64 /* UserInfo.swift */; };
		C90221C2221C1ACE007C7D64 /* API.swift in Sources */ = {isa = PBXBuildFile; fileRef = C90221C1221C1ACE007C7D64 /* API.swift */; };
		C90221C4221C1B01007C7D64 /* APIConstants.swift in Sources */ = {isa = PBXBuildFile; fileRef = C90221C3221C1B01007C7D64 /* APIConstants.swift */; };
		C90221C6221C3045007C7D64 /* MapViewController.swift in Sources */ = {isa = PBXBuildFile; fileRef = C90221C5221C3045007C7D64 /* MapViewController.swift */; };
		C90221C8221C30A9007C7D64 /* ContainerViewController.swift in Sources */ = {isa = PBXBuildFile; fileRef = C90221C7221C30A9007C7D64 /* ContainerViewController.swift */; };
		C9BCDA1E221AD44D00C85317 /* AppDelegate.swift in Sources */ = {isa = PBXBuildFile; fileRef = C9BCDA1D221AD44D00C85317 /* AppDelegate.swift */; };
		C9BCDA20221AD44D00C85317 /* UIViewController+UIResponder.swift in Sources */ = {isa = PBXBuildFile; fileRef = C9BCDA1F221AD44D00C85317 /* UIViewController+UIResponder.swift */; };
		C9BCDA23221AD44D00C85317 /* Main.storyboard in Resources */ = {isa = PBXBuildFile; fileRef = C9BCDA21221AD44D00C85317 /* Main.storyboard */; };
		C9BCDA25221AD45000C85317 /* Assets.xcassets in Resources */ = {isa = PBXBuildFile; fileRef = C9BCDA24221AD45000C85317 /* Assets.xcassets */; };
		C9BCDA28221AD45000C85317 /* LaunchScreen.storyboard in Resources */ = {isa = PBXBuildFile; fileRef = C9BCDA26221AD45000C85317 /* LaunchScreen.storyboard */; };
/* End PBXBuildFile section */

/* Begin PBXFileReference section */
		C90221B6221C10E7007C7D64 /* LoginViewController.swift */ = {isa = PBXFileReference; lastKnownFileType = sourcecode.swift; path = LoginViewController.swift; sourceTree = "<group>"; };
		C90221B9221C1199007C7D64 /* StudentLocation.swift */ = {isa = PBXFileReference; lastKnownFileType = sourcecode.swift; path = StudentLocation.swift; sourceTree = "<group>"; };
		C90221BB221C1398007C7D64 /* LocationsData.swift */ = {isa = PBXFileReference; lastKnownFileType = sourcecode.swift; path = LocationsData.swift; sourceTree = "<group>"; };
		C90221BD221C13CC007C7D64 /* UserInfo.swift */ = {isa = PBXFileReference; lastKnownFileType = sourcecode.swift; path = UserInfo.swift; sourceTree = "<group>"; };
		C90221C1221C1ACE007C7D64 /* API.swift */ = {isa = PBXFileReference; lastKnownFileType = sourcecode.swift; path = API.swift; sourceTree = "<group>"; };
		C90221C3221C1B01007C7D64 /* APIConstants.swift */ = {isa = PBXFileReference; lastKnownFileType = sourcecode.swift; path = APIConstants.swift; sourceTree = "<group>"; };
		C90221C5221C3045007C7D64 /* MapViewController.swift */ = {isa = PBXFileReference; lastKnownFileType = sourcecode.swift; path = MapViewController.swift; sourceTree = "<group>"; };
		C90221C7221C30A9007C7D64 /* ContainerViewController.swift */ = {isa = PBXFileReference; lastKnownFileType = sourcecode.swift; path = ContainerViewController.swift; sourceTree = "<group>"; };
		C9BCDA1A221AD44D00C85317 /* On The Map.app */ = {isa = PBXFileReference; explicitFileType = wrapper.application; includeInIndex = 0; path = "On The Map.app"; sourceTree = BUILT_PRODUCTS_DIR; };
		C9BCDA1D221AD44D00C85317 /* AppDelegate.swift */ = {isa = PBXFileReference; lastKnownFileType = sourcecode.swift; path = AppDelegate.swift; sourceTree = "<group>"; };
		C9BCDA1F221AD44D00C85317 /* UIViewController+UIResponder.swift */ = {isa = PBXFileReference; lastKnownFileType = sourcecode.swift; path = "UIViewController+UIResponder.swift"; sourceTree = "<group>"; };
		C9BCDA22221AD44D00C85317 /* Base */ = {isa = PBXFileReference; lastKnownFileType = file.storyboard; name = Base; path = Base.lproj/Main.storyboard; sourceTree = "<group>"; };
		C9BCDA24221AD45000C85317 /* Assets.xcassets */ = {isa = PBXFileReference; lastKnownFileType = folder.assetcatalog; path = Assets.xcassets; sourceTree = "<group>"; };
		C9BCDA27221AD45000C85317 /* Base */ = {isa = PBXFileReference; lastKnownFileType = file.storyboard; name = Base; path = Base.lproj/LaunchScreen.storyboard; sourceTree = "<group>"; };
		C9BCDA29221AD45000C85317 /* Info.plist */ = {isa = PBXFileReference; lastKnownFileType = text.plist.xml; path = Info.plist; sourceTree = "<group>"; };
/* End PBXFileReference section */

/* Begin PBXFrameworksBuildPhase section */
		C9BCDA17221AD44D00C85317 /* Frameworks */ = {
			isa = PBXFrameworksBuildPhase;
			buildActionMask = 2147483647;
			files = (
			);
			runOnlyForDeploymentPostprocessing = 0;
		};
/* End PBXFrameworksBuildPhase section */

/* Begin PBXGroup section */
		C90221B5221C1093007C7D64 /* Controller */ = {
			isa = PBXGroup;
			children = (
				C90221B6221C10E7007C7D64 /* LoginViewController.swift */,
				C90221C5221C3045007C7D64 /* MapViewController.swift */,
				C90221C7221C30A9007C7D64 /* ContainerViewController.swift */,
			);
			path = Controller;
			sourceTree = "<group>";
		};
		C90221B8221C1111007C7D64 /* Model */ = {
			isa = PBXGroup;
			children = (
				C90221B9221C1199007C7D64 /* StudentLocation.swift */,
				C90221BB221C1398007C7D64 /* LocationsData.swift */,
				C90221BD221C13CC007C7D64 /* UserInfo.swift */,
				C90221BF221C1418007C7D64 /* Extensions */,
				C90221C0221C1A5C007C7D64 /* Network */,
			);
			path = Model;
			sourceTree = "<group>";
		};
		C90221BF221C1418007C7D64 /* Extensions */ = {
			isa = PBXGroup;
			children = (
				C9BCDA1F221AD44D00C85317 /* UIViewController+UIResponder.swift */,
			);
			path = Extensions;
			sourceTree = "<group>";
		};
		C90221C0221C1A5C007C7D64 /* Network */ = {
			isa = PBXGroup;
			children = (
				C90221C1221C1ACE007C7D64 /* API.swift */,
				C90221C3221C1B01007C7D64 /* APIConstants.swift */,
			);
			path = Network;
			sourceTree = "<group>";
		};
		C9BCDA11221AD44D00C85317 = {
			isa = PBXGroup;
			children = (
				C9BCDA1C221AD44D00C85317 /* On The Map */,
				C9BCDA1B221AD44D00C85317 /* Products */,
			);
			sourceTree = "<group>";
		};
		C9BCDA1B221AD44D00C85317 /* Products */ = {
			isa = PBXGroup;
			children = (
				C9BCDA1A221AD44D00C85317 /* On The Map.app */,
			);
			name = Products;
			sourceTree = "<group>";
		};
		C9BCDA1C221AD44D00C85317 /* On The Map */ = {
			isa = PBXGroup;
			children = (
				C90221B8221C1111007C7D64 /* Model */,
				C90221B5221C1093007C7D64 /* Controller */,
				C9BCDA1D221AD44D00C85317 /* AppDelegate.swift */,
				C9BCDA21221AD44D00C85317 /* Main.storyboard */,
				C9BCDA24221AD45000C85317 /* Assets.xcassets */,
				C9BCDA26221AD45000C85317 /* LaunchScreen.storyboard */,
				C9BCDA29221AD45000C85317 /* Info.plist */,
			);
			path = "On The Map";
			sourceTree = "<group>";
		};
/* End PBXGroup section */

/* Begin PBXNativeTarget section */
		C9BCDA19221AD44D00C85317 /* On The Map */ = {
			isa = PBXNativeTarget;
			buildConfigurationList = C9BCDA2C221AD45000C85317 /* Build configuration list for PBXNativeTarget "On The Map" */;
			buildPhases = (
				C9BCDA16221AD44D00C85317 /* Sources */,
				C9BCDA17221AD44D00C85317 /* Frameworks */,
				C9BCDA18221AD44D00C85317 /* Resources */,
			);
			buildRules = (
			);
			dependencies = (
			);
			name = "On The Map";
			productName = "On The Map";
			productReference = C9BCDA1A221AD44D00C85317 /* On The Map.app */;
			productType = "com.apple.product-type.application";
		};
/* End PBXNativeTarget section */

/* Begin PBXProject section */
		C9BCDA12221AD44D00C85317 /* Project object */ = {
			isa = PBXProject;
			attributes = {
				LastSwiftUpdateCheck = 1010;
				LastUpgradeCheck = 1010;
				ORGANIZATIONNAME = Zeyad;
				TargetAttributes = {
					C9BCDA19221AD44D00C85317 = {
						CreatedOnToolsVersion = 10.1;
					};
				};
			};
			buildConfigurationList = C9BCDA15221AD44D00C85317 /* Build configuration list for PBXProject "On The Map" */;
			compatibilityVersion = "Xcode 9.3";
			developmentRegion = en;
			hasScannedForEncodings = 0;
			knownRegions = (
				en,
				Base,
			);
			mainGroup = C9BCDA11221AD44D00C85317;
			productRefGroup = C9BCDA1B221AD44D00C85317 /* Products */;
			projectDirPath = "";
			projectRoot = "";
			targets = (
				C9BCDA19221AD44D00C85317 /* On The Map */,
			);
		};
/* End PBXProject section */

/* Begin PBXResourcesBuildPhase section */
		C9BCDA18221AD44D00C85317 /* Resources */ = {
			isa = PBXResourcesBuildPhase;
			buildActionMask = 2147483647;
			files = (
				C9BCDA28221AD45000C85317 /* LaunchScreen.storyboard in Resources */,
				C9BCDA25221AD45000C85317 /* Assets.xcassets in Resources */,
				C9BCDA23221AD44D00C85317 /* Main.storyboard in Resources */,
			);
			runOnlyForDeploymentPostprocessing = 0;
		};
/* End PBXResourcesBuildPhase section */

/* Begin PBXSourcesBuildPhase section */
		C9BCDA16221AD44D00C85317 /* Sources */ = {
			isa = PBXSourcesBuildPhase;
			buildActionMask = 2147483647;
			files = (
				C90221BA221C1199007C7D64 /* StudentLocation.swift in Sources */,
				C90221B7221C10E7007C7D64 /* LoginViewController.swift in Sources */,
				C90221C8221C30A9007C7D64 /* ContainerViewController.swift in Sources */,
				C90221BC221C1398007C7D64 /* LocationsData.swift in Sources */,
				C9BCDA20221AD44D00C85317 /* UIViewController+UIResponder.swift in Sources */,
				C90221C6221C3045007C7D64 /* MapViewController.swift in Sources */,
				C90221C4221C1B01007C7D64 /* APIConstants.swift in Sources */,
				C90221BE221C13CC007C7D64 /* UserInfo.swift in Sources */,
				C9BCDA1E221AD44D00C85317 /* AppDelegate.swift in Sources */,
				C90221C2221C1ACE007C7D64 /* API.swift in Sources */,
			);
			runOnlyForDeploymentPostprocessing = 0;
		};
/* End PBXSourcesBuildPhase section */

/* Begin PBXVariantGroup section */
		C9BCDA21221AD44D00C85317 /* Main.storyboard */ = {
			isa = PBXVariantGroup;
			children = (
				C9BCDA22221AD44D00C85317 /* Base */,
			);
			name = Main.storyboard;
			sourceTree = "<group>";
		};
		C9BCDA26221AD45000C85317 /* LaunchScreen.storyboard */ = {
			isa = PBXVariantGroup;
			children = (
				C9BCDA27221AD45000C85317 /* Base */,
			);
			name = LaunchScreen.storyboard;
			sourceTree = "<group>";
		};
/* End PBXVariantGroup section */

/* Begin XCBuildConfiguration section */
		C9BCDA2A221AD45000C85317 /* Debug */ = {
			isa = XCBuildConfiguration;
			buildSettings = {
				ALWAYS_SEARCH_USER_PATHS = NO;
				CLANG_ANALYZER_NONNULL = YES;
				CLANG_ANALYZER_NUMBER_OBJECT_CONVERSION = YES_AGGRESSIVE;
				CLANG_CXX_LANGUAGE_STANDARD = "gnu++14";
				CLANG_CXX_LIBRARY = "libc++";
				CLANG_ENABLE_MODULES = YES;
				CLANG_ENABLE_OBJC_ARC = YES;
				CLANG_ENABLE_OBJC_WEAK = YES;
				CLANG_WARN_BLOCK_CAPTURE_AUTORELEASING = YES;
				CLANG_WARN_BOOL_CONVERSION = YES;
				CLANG_WARN_COMMA = YES;
				CLANG_WARN_CONSTANT_CONVERSION = YES;
				CLANG_WARN_DEPRECATED_OBJC_IMPLEMENTATIONS = YES;
				CLANG_WARN_DIRECT_OBJC_ISA_USAGE = YES_ERROR;
				CLANG_WARN_DOCUMENTATION_COMMENTS = YES;
				CLANG_WARN_EMPTY_BODY = YES;
				CLANG_WARN_ENUM_CONVERSION = YES;
				CLANG_WARN_INFINITE_RECURSION = YES;
				CLANG_WARN_INT_CONVERSION = YES;
				CLANG_WARN_NON_LITERAL_NULL_CONVERSION = YES;
				CLANG_WARN_OBJC_IMPLICIT_RETAIN_SELF = YES;
				CLANG_WARN_OBJC_LITERAL_CONVERSION = YES;
				CLANG_WARN_OBJC_ROOT_CLASS = YES_ERROR;
				CLANG_WARN_RANGE_LOOP_ANALYSIS = YES;
				CLANG_WARN_STRICT_PROTOTYPES = YES;
				CLANG_WARN_SUSPICIOUS_MOVE = YES;
				CLANG_WARN_UNGUARDED_AVAILABILITY = YES_AGGRESSIVE;
				CLANG_WARN_UNREACHABLE_CODE = YES;
				CLANG_WARN__DUPLICATE_METHOD_MATCH = YES;
				CODE_SIGN_IDENTITY = "iPhone Developer";
				COPY_PHASE_STRIP = NO;
				DEBUG_INFORMATION_FORMAT = dwarf;
				ENABLE_STRICT_OBJC_MSGSEND = YES;
				ENABLE_TESTABILITY = YES;
				GCC_C_LANGUAGE_STANDARD = gnu11;
				GCC_DYNAMIC_NO_PIC = NO;
				GCC_NO_COMMON_BLOCKS = YES;
				GCC_OPTIMIZATION_LEVEL = 0;
				GCC_PREPROCESSOR_DEFINITIONS = (
					"DEBUG=1",
					"$(inherited)",
				);
				GCC_WARN_64_TO_32_BIT_CONVERSION = YES;
				GCC_WARN_ABOUT_RETURN_TYPE = YES_ERROR;
				GCC_WARN_UNDECLARED_SELECTOR = YES;
				GCC_WARN_UNINITIALIZED_AUTOS = YES_AGGRESSIVE;
				GCC_WARN_UNUSED_FUNCTION = YES;
				GCC_WARN_UNUSED_VARIABLE = YES;
				IPHONEOS_DEPLOYMENT_TARGET = 12.1;
				MTL_ENABLE_DEBUG_INFO = INCLUDE_SOURCE;
				MTL_FAST_MATH = YES;
				ONLY_ACTIVE_ARCH = YES;
				SDKROOT = iphoneos;
				SWIFT_ACTIVE_COMPILATION_CONDITIONS = DEBUG;
				SWIFT_OPTIMIZATION_LEVEL = "-Onone";
			};
			name = Debug;
		};
		C9BCDA2B221AD45000C85317 /* Release */ = {
			isa = XCBuildConfiguration;
			buildSettings = {
				ALWAYS_SEARCH_USER_PATHS = NO;
				CLANG_ANALYZER_NONNULL = YES;
				CLANG_ANALYZER_NUMBER_OBJECT_CONVERSION = YES_AGGRESSIVE;
				CLANG_CXX_LANGUAGE_STANDARD = "gnu++14";
				CLANG_CXX_LIBRARY = "libc++";
				CLANG_ENABLE_MODULES = YES;
				CLANG_ENABLE_OBJC_ARC = YES;
				CLANG_ENABLE_OBJC_WEAK = YES;
				CLANG_WARN_BLOCK_CAPTURE_AUTORELEASING = YES;
				CLANG_WARN_BOOL_CONVERSION = YES;
				CLANG_WARN_COMMA = YES;
				CLANG_WARN_CONSTANT_CONVERSION = YES;
				CLANG_WARN_DEPRECATED_OBJC_IMPLEMENTATIONS = YES;
				CLANG_WARN_DIRECT_OBJC_ISA_USAGE = YES_ERROR;
				CLANG_WARN_DOCUMENTATION_COMMENTS = YES;
				CLANG_WARN_EMPTY_BODY = YES;
				CLANG_WARN_ENUM_CONVERSION = YES;
				CLANG_WARN_INFINITE_RECURSION = YES;
				CLANG_WARN_INT_CONVERSION = YES;
				CLANG_WARN_NON_LITERAL_NULL_CONVERSION = YES;
				CLANG_WARN_OBJC_IMPLICIT_RETAIN_SELF = YES;
				CLANG_WARN_OBJC_LITERAL_CONVERSION = YES;
				CLANG_WARN_OBJC_ROOT_CLASS = YES_ERROR;
				CLANG_WARN_RANGE_LOOP_ANALYSIS = YES;
				CLANG_WARN_STRICT_PROTOTYPES = YES;
				CLANG_WARN_SUSPICIOUS_MOVE = YES;
				CLANG_WARN_UNGUARDED_AVAILABILITY = YES_AGGRESSIVE;
				CLANG_WARN_UNREACHABLE_CODE = YES;
				CLANG_WARN__DUPLICATE_METHOD_MATCH = YES;
				CODE_SIGN_IDENTITY = "iPhone Developer";
				COPY_PHASE_STRIP = NO;
				DEBUG_INFORMATION_FORMAT = "dwarf-with-dsym";
				ENABLE_NS_ASSERTIONS = NO;
				ENABLE_STRICT_OBJC_MSGSEND = YES;
				GCC_C_LANGUAGE_STANDARD = gnu11;
				GCC_NO_COMMON_BLOCKS = YES;
				GCC_WARN_64_TO_32_BIT_CONVERSION = YES;
				GCC_WARN_ABOUT_RETURN_TYPE = YES_ERROR;
				GCC_WARN_UNDECLARED_SELECTOR = YES;
				GCC_WARN_UNINITIALIZED_AUTOS = YES_AGGRESSIVE;
				GCC_WARN_UNUSED_FUNCTION = YES;
				GCC_WARN_UNUSED_VARIABLE = YES;
				IPHONEOS_DEPLOYMENT_TARGET = 12.1;
				MTL_ENABLE_DEBUG_INFO = NO;
				MTL_FAST_MATH = YES;
				SDKROOT = iphoneos;
				SWIFT_COMPILATION_MODE = wholemodule;
				SWIFT_OPTIMIZATION_LEVEL = "-O";
				VALIDATE_PRODUCT = YES;
			};
			name = Release;
		};
		C9BCDA2D221AD45000C85317 /* Debug */ = {
			isa = XCBuildConfiguration;
			buildSettings = {
				ASSETCATALOG_COMPILER_APPICON_NAME = AppIcon;
				CODE_SIGN_STYLE = Automatic;
				DEVELOPMENT_TEAM = 733KUEEJZ8;
				INFOPLIST_FILE = "On The Map/Info.plist";
				LD_RUNPATH_SEARCH_PATHS = (
					"$(inherited)",
					"@executable_path/Frameworks",
				);
				PRODUCT_BUNDLE_IDENTIFIER = "com.zeyad.On-The-Map";
				PRODUCT_NAME = "$(TARGET_NAME)";
				SWIFT_VERSION = 4.2;
				TARGETED_DEVICE_FAMILY = "1,2";
			};
			name = Debug;
		};
		C9BCDA2E221AD45000C85317 /* Release */ = {
			isa = XCBuildConfiguration;
			buildSettings = {
				ASSETCATALOG_COMPILER_APPICON_NAME = AppIcon;
				CODE_SIGN_STYLE = Automatic;
				DEVELOPMENT_TEAM = 733KUEEJZ8;
				INFOPLIST_FILE = "On The Map/Info.plist";
				LD_RUNPATH_SEARCH_PATHS = (
					"$(inherited)",
					"@executable_path/Frameworks",
				);
				PRODUCT_BUNDLE_IDENTIFIER = "com.zeyad.On-The-Map";
				PRODUCT_NAME = "$(TARGET_NAME)";
				SWIFT_VERSION = 4.2;
				TARGETED_DEVICE_FAMILY = "1,2";
			};
			name = Release;
		};
/* End XCBuildConfiguration section */

/* Begin XCConfigurationList section */
		C9BCDA15221AD44D00C85317 /* Build configuration list for PBXProject "On The Map" */ = {
			isa = XCConfigurationList;
			buildConfigurations = (
				C9BCDA2A221AD45000C85317 /* Debug */,
				C9BCDA2B221AD45000C85317 /* Release */,
			);
			defaultConfigurationIsVisible = 0;
			defaultConfigurationName = Release;
		};
		C9BCDA2C221AD45000C85317 /* Build configuration list for PBXNativeTarget "On The Map" */ = {
			isa = XCConfigurationList;
			buildConfigurations = (
				C9BCDA2D221AD45000C85317 /* Debug */,
				C9BCDA2E221AD45000C85317 /* Release */,
			);
			defaultConfigurationIsVisible = 0;
			defaultConfigurationName = Release;
		};
/* End XCConfigurationList section */
	};
	rootObject = C9BCDA12221AD44D00C85317 /* Project object */;
}
